
Microsoft Visual Studio Solution File, Format Version 12.00
# Visual Studio Version 17
VisualStudioVersion = 17.5.002.0
MinimumVisualStudioVersion = 10.0.40219.1
Project("{9A19103F-16F7-4668-BE54-9A1E7A4F7556}") = "InsuranceAPI", "InsuranceAPI.csproj", "{25F5E659-DF27-41AF-A0AE-500EBFFD0C69}"
EndProject
Global
	GlobalSection(SolutionConfigurationPlatforms) = preSolution
		Debug|Any CPU = Debug|Any CPU
		Release|Any CPU = Release|Any CPU
	EndGlobalSection
	GlobalSection(ProjectConfigurationPlatforms) = postSolution
		{25F5E659-DF27-41AF-A0AE-500EBFFD0C69}.Debug|Any CPU.ActiveCfg = Debug|Any CPU
		{25F5E659-DF27-41AF-A0AE-500EBFFD0C69}.Debug|Any CPU.Build.0 = Debug|Any CPU
		{25F5E659-DF27-41AF-A0AE-500EBFFD0C69}.Release|Any CPU.ActiveCfg = Release|Any CPU
		{25F5E659-DF27-41AF-A0AE-500EBFFD0C69}.Release|Any CPU.Build.0 = Release|Any CPU
	EndGlobalSection
	GlobalSection(SolutionProperties) = preSolution
		HideSolutionNode = FALSE
	EndGlobalSection
	GlobalSection(ExtensibilityGlobals) = postSolution
		SolutionGuid = {0493BD46-75A8-41D4-A86F-64B1782300FA}
	EndGlobalSection
EndGlobal
